// !$*UTF8*$!
{
	archiveVersion = 1;
	classes = {
	};
	objectVersion = 50;
	objects = {

/* Begin PBXBuildFile section */
		CB14807625A92A1A00D715D9 /* AppDelegate.swift in Sources */ = {isa = PBXBuildFile; fileRef = CB14807525A92A1A00D715D9 /* AppDelegate.swift */; };
		CB14807825A92A1A00D715D9 /* SceneDelegate.swift in Sources */ = {isa = PBXBuildFile; fileRef = CB14807725A92A1A00D715D9 /* SceneDelegate.swift */; };
		CB14807A25A92A1A00D715D9 /* ViewController.swift in Sources */ = {isa = PBXBuildFile; fileRef = CB14807925A92A1A00D715D9 /* ViewController.swift */; };
		CB14807D25A92A1A00D715D9 /* Main.storyboard in Resources */ = {isa = PBXBuildFile; fileRef = CB14807B25A92A1A00D715D9 /* Main.storyboard */; };
		CB14807F25A92A1B00D715D9 /* Assets.xcassets in Resources */ = {isa = PBXBuildFile; fileRef = CB14807E25A92A1B00D715D9 /* Assets.xcassets */; };
		CB14808225A92A1B00D715D9 /* LaunchScreen.storyboard in Resources */ = {isa = PBXBuildFile; fileRef = CB14808025A92A1B00D715D9 /* LaunchScreen.storyboard */; };
		CB37C3E925A9332800AA659C /* Coin.swift in Sources */ = {isa = PBXBuildFile; fileRef = CB37C3E825A9332800AA659C /* Coin.swift */; };
		CB37C3EC25A9333600AA659C /* CoinManager.swift in Sources */ = {isa = PBXBuildFile; fileRef = CB37C3EB25A9333600AA659C /* CoinManager.swift */; };
		CB37C3EF25A93AEE00AA659C /* CoinData.swift in Sources */ = {isa = PBXBuildFile; fileRef = CB37C3EE25A93AEE00AA659C /* CoinData.swift */; };
/* End PBXBuildFile section */

/* Begin PBXFileReference section */
		CB14807225A92A1A00D715D9 /* (SPC) Networking.app */ = {isa = PBXFileReference; explicitFileType = wrapper.application; includeInIndex = 0; path = "(SPC) Networking.app"; sourceTree = BUILT_PRODUCTS_DIR; };
		CB14807525A92A1A00D715D9 /* AppDelegate.swift */ = {isa = PBXFileReference; lastKnownFileType = sourcecode.swift; path = AppDelegate.swift; sourceTree = "<group>"; };
		CB14807725A92A1A00D715D9 /* SceneDelegate.swift */ = {isa = PBXFileReference; lastKnownFileType = sourcecode.swift; path = SceneDelegate.swift; sourceTree = "<group>"; };
		CB14807925A92A1A00D715D9 /* ViewController.swift */ = {isa = PBXFileReference; lastKnownFileType = sourcecode.swift; path = ViewController.swift; sourceTree = "<group>"; };
		CB14807C25A92A1A00D715D9 /* Base */ = {isa = PBXFileReference; lastKnownFileType = file.storyboard; name = Base; path = Base.lproj/Main.storyboard; sourceTree = "<group>"; };
		CB14807E25A92A1B00D715D9 /* Assets.xcassets */ = {isa = PBXFileReference; lastKnownFileType = folder.assetcatalog; path = Assets.xcassets; sourceTree = "<group>"; };
		CB14808125A92A1B00D715D9 /* Base */ = {isa = PBXFileReference; lastKnownFileType = file.storyboard; name = Base; path = Base.lproj/LaunchScreen.storyboard; sourceTree = "<group>"; };
		CB14808325A92A1B00D715D9 /* Info.plist */ = {isa = PBXFileReference; lastKnownFileType = text.plist.xml; path = Info.plist; sourceTree = "<group>"; };
		CB37C3E825A9332800AA659C /* Coin.swift */ = {isa = PBXFileReference; lastKnownFileType = sourcecode.swift; path = Coin.swift; sourceTree = "<group>"; };
		CB37C3EB25A9333600AA659C /* CoinManager.swift */ = {isa = PBXFileReference; lastKnownFileType = sourcecode.swift; path = CoinManager.swift; sourceTree = "<group>"; };
		CB37C3EE25A93AEE00AA659C /* CoinData.swift */ = {isa = PBXFileReference; lastKnownFileType = sourcecode.swift; path = CoinData.swift; sourceTree = "<group>"; };
/* End PBXFileReference section */

/* Begin PBXFrameworksBuildPhase section */
		CB14806F25A92A1A00D715D9 /* Frameworks */ = {
			isa = PBXFrameworksBuildPhase;
			buildActionMask = 2147483647;
			files = (
			);
			runOnlyForDeploymentPostprocessing = 0;
		};
/* End PBXFrameworksBuildPhase section */

/* Begin PBXGroup section */
		CB14806925A92A1A00D715D9 = {
			isa = PBXGroup;
			children = (
				CB14807425A92A1A00D715D9 /* (SPC) Networking */,
				CB14807325A92A1A00D715D9 /* Products */,
			);
			sourceTree = "<group>";
		};
		CB14807325A92A1A00D715D9 /* Products */ = {
			isa = PBXGroup;
			children = (
				CB14807225A92A1A00D715D9 /* (SPC) Networking.app */,
			);
			name = Products;
			sourceTree = "<group>";
		};
		CB14807425A92A1A00D715D9 /* (SPC) Networking */ = {
			isa = PBXGroup;
			children = (
				CB14808C25A92A3F00D715D9 /* Model */,
				CB14808B25A92A3A00D715D9 /* View */,
				CB14808A25A92A3400D715D9 /* Controller */,
				CB14807525A92A1A00D715D9 /* AppDelegate.swift */,
				CB14807725A92A1A00D715D9 /* SceneDelegate.swift */,
				CB14807E25A92A1B00D715D9 /* Assets.xcassets */,
				CB14808325A92A1B00D715D9 /* Info.plist */,
			);
			path = "(SPC) Networking";
			sourceTree = "<group>";
		};
		CB14808A25A92A3400D715D9 /* Controller */ = {
			isa = PBXGroup;
			children = (
				CB14807925A92A1A00D715D9 /* ViewController.swift */,
			);
			path = Controller;
			sourceTree = "<group>";
		};
		CB14808B25A92A3A00D715D9 /* View */ = {
			isa = PBXGroup;
			children = (
				CB14808025A92A1B00D715D9 /* LaunchScreen.storyboard */,
				CB14807B25A92A1A00D715D9 /* Main.storyboard */,
			);
			path = View;
			sourceTree = "<group>";
		};
		CB14808C25A92A3F00D715D9 /* Model */ = {
			isa = PBXGroup;
			children = (
				CB37C3E825A9332800AA659C /* Coin.swift */,
				CB37C3EB25A9333600AA659C /* CoinManager.swift */,
				CB37C3EE25A93AEE00AA659C /* CoinData.swift */,
			);
			path = Model;
			sourceTree = "<group>";
		};
/* End PBXGroup section */

/* Begin PBXNativeTarget section */
		CB14807125A92A1A00D715D9 /* (SPC) Networking */ = {
			isa = PBXNativeTarget;
			buildConfigurationList = CB14808625A92A1B00D715D9 /* Build configuration list for PBXNativeTarget "(SPC) Networking" */;
			buildPhases = (
				CB14806E25A92A1A00D715D9 /* Sources */,
				CB14806F25A92A1A00D715D9 /* Frameworks */,
				CB14807025A92A1A00D715D9 /* Resources */,
			);
			buildRules = (
			);
			dependencies = (
			);
			name = "(SPC) Networking";
			productName = "(SPC) Networking";
			productReference = CB14807225A92A1A00D715D9 /* (SPC) Networking.app */;
			productType = "com.apple.product-type.application";
		};
/* End PBXNativeTarget section */

/* Begin PBXProject section */
		CB14806A25A92A1A00D715D9 /* Project object */ = {
			isa = PBXProject;
			attributes = {
				LastSwiftUpdateCheck = 1230;
				LastUpgradeCheck = 1230;
				TargetAttributes = {
					CB14807125A92A1A00D715D9 = {
						CreatedOnToolsVersion = 12.3;
					};
				};
			};
			buildConfigurationList = CB14806D25A92A1A00D715D9 /* Build configuration list for PBXProject "(SPC) Networking" */;
			compatibilityVersion = "Xcode 9.3";
			developmentRegion = en;
			hasScannedForEncodings = 0;
			knownRegions = (
				en,
				Base,
			);
			mainGroup = CB14806925A92A1A00D715D9;
			productRefGroup = CB14807325A92A1A00D715D9 /* Products */;
			projectDirPath = "";
			projectRoot = "";
			targets = (
				CB14807125A92A1A00D715D9 /* (SPC) Networking */,
			);
		};
/* End PBXProject section */

/* Begin PBXResourcesBuildPhase section */
		CB14807025A92A1A00D715D9 /* Resources */ = {
			isa = PBXResourcesBuildPhase;
			buildActionMask = 2147483647;
			files = (
				CB14808225A92A1B00D715D9 /* LaunchScreen.storyboard in Resources */,
				CB14807F25A92A1B00D715D9 /* Assets.xcassets in Resources */,
				CB14807D25A92A1A00D715D9 /* Main.storyboard in Resources */,
			);
			runOnlyForDeploymentPostprocessing = 0;
		};
/* End PBXResourcesBuildPhase section */

/* Begin PBXSourcesBuildPhase section */
		CB14806E25A92A1A00D715D9 /* Sources */ = {
			isa = PBXSourcesBuildPhase;
			buildActionMask = 2147483647;
			files = (
				CB37C3EF25A93AEE00AA659C /* CoinData.swift in Sources */,
				CB14807A25A92A1A00D715D9 /* ViewController.swift in Sources */,
				CB14807625A92A1A00D715D9 /* AppDelegate.swift in Sources */,
				CB37C3EC25A9333600AA659C /* CoinManager.swift in Sources */,
				CB37C3E925A9332800AA659C /* Coin.swift in Sources */,
				CB14807825A92A1A00D715D9 /* SceneDelegate.swift in Sources */,
			);
			runOnlyForDeploymentPostprocessing = 0;
		};
/* End PBXSourcesBuildPhase section */

/* Begin PBXVariantGroup section */
		CB14807B25A92A1A00D715D9 /* Main.storyboard */ = {
			isa = PBXVariantGroup;
			children = (
				CB14807C25A92A1A00D715D9 /* Base */,
			);
			name = Main.storyboard;
			sourceTree = "<group>";
		};
		CB14808025A92A1B00D715D9 /* LaunchScreen.storyboard */ = {
			isa = PBXVariantGroup;
			children = (
				CB14808125A92A1B00D715D9 /* Base */,
			);
			name = LaunchScreen.storyboard;
			sourceTree = "<group>";
		};
/* End PBXVariantGroup section */

/* Begin XCBuildConfiguration section */
		CB14808425A92A1B00D715D9 /* Debug */ = {
			isa = XCBuildConfiguration;
			buildSettings = {
				ALWAYS_SEARCH_USER_PATHS = NO;
				CLANG_ANALYZER_NONNULL = YES;
				CLANG_ANALYZER_NUMBER_OBJECT_CONVERSION = YES_AGGRESSIVE;
				CLANG_CXX_LANGUAGE_STANDARD = "gnu++14";
				CLANG_CXX_LIBRARY = "libc++";
				CLANG_ENABLE_MODULES = YES;
				CLANG_ENABLE_OBJC_ARC = YES;
				CLANG_ENABLE_OBJC_WEAK = YES;
				CLANG_WARN_BLOCK_CAPTURE_AUTORELEASING = YES;
				CLANG_WARN_BOOL_CONVERSION = YES;
				CLANG_WARN_COMMA = YES;
				CLANG_WARN_CONSTANT_CONVERSION = YES;
				CLANG_WARN_DEPRECATED_OBJC_IMPLEMENTATIONS = YES;
				CLANG_WARN_DIRECT_OBJC_ISA_USAGE = YES_ERROR;
				CLANG_WARN_DOCUMENTATION_COMMENTS = YES;
				CLANG_WARN_EMPTY_BODY = YES;
				CLANG_WARN_ENUM_CONVERSION = YES;
				CLANG_WARN_INFINITE_RECURSION = YES;
				CLANG_WARN_INT_CONVERSION = YES;
				CLANG_WARN_NON_LITERAL_NULL_CONVERSION = YES;
				CLANG_WARN_OBJC_IMPLICIT_RETAIN_SELF = YES;
				CLANG_WARN_OBJC_LITERAL_CONVERSION = YES;
				CLANG_WARN_OBJC_ROOT_CLASS = YES_ERROR;
				CLANG_WARN_QUOTED_INCLUDE_IN_FRAMEWORK_HEADER = YES;
				CLANG_WARN_RANGE_LOOP_ANALYSIS = YES;
				CLANG_WARN_STRICT_PROTOTYPES = YES;
				CLANG_WARN_SUSPICIOUS_MOVE = YES;
				CLANG_WARN_UNGUARDED_AVAILABILITY = YES_AGGRESSIVE;
				CLANG_WARN_UNREACHABLE_CODE = YES;
				CLANG_WARN__DUPLICATE_METHOD_MATCH = YES;
				COPY_PHASE_STRIP = NO;
				DEBUG_INFORMATION_FORMAT = dwarf;
				ENABLE_STRICT_OBJC_MSGSEND = YES;
				ENABLE_TESTABILITY = YES;
				GCC_C_LANGUAGE_STANDARD = gnu11;
				GCC_DYNAMIC_NO_PIC = NO;
				GCC_NO_COMMON_BLOCKS = YES;
				GCC_OPTIMIZATION_LEVEL = 0;
				GCC_PREPROCESSOR_DEFINITIONS = (
					"DEBUG=1",
					"$(inherited)",
				);
				GCC_WARN_64_TO_32_BIT_CONVERSION = YES;
				GCC_WARN_ABOUT_RETURN_TYPE = YES_ERROR;
				GCC_WARN_UNDECLARED_SELECTOR = YES;
				GCC_WARN_UNINITIALIZED_AUTOS = YES_AGGRESSIVE;
				GCC_WARN_UNUSED_FUNCTION = YES;
				GCC_WARN_UNUSED_VARIABLE = YES;
				IPHONEOS_DEPLOYMENT_TARGET = 14.3;
				MTL_ENABLE_DEBUG_INFO = INCLUDE_SOURCE;
				MTL_FAST_MATH = YES;
				ONLY_ACTIVE_ARCH = YES;
				SDKROOT = iphoneos;
				SWIFT_ACTIVE_COMPILATION_CONDITIONS = DEBUG;
				SWIFT_OPTIMIZATION_LEVEL = "-Onone";
			};
			name = Debug;
		};
		CB14808525A92A1B00D715D9 /* Release */ = {
			isa = XCBuildConfiguration;
			buildSettings = {
				ALWAYS_SEARCH_USER_PATHS = NO;
				CLANG_ANALYZER_NONNULL = YES;
				CLANG_ANALYZER_NUMBER_OBJECT_CONVERSION = YES_AGGRESSIVE;
				CLANG_CXX_LANGUAGE_STANDARD = "gnu++14";
				CLANG_CXX_LIBRARY = "libc++";
				CLANG_ENABLE_MODULES = YES;
				CLANG_ENABLE_OBJC_ARC = YES;
				CLANG_ENABLE_OBJC_WEAK = YES;
				CLANG_WARN_BLOCK_CAPTURE_AUTORELEASING = YES;
				CLANG_WARN_BOOL_CONVERSION = YES;
				CLANG_WARN_COMMA = YES;
				CLANG_WARN_CONSTANT_CONVERSION = YES;
				CLANG_WARN_DEPRECATED_OBJC_IMPLEMENTATIONS = YES;
				CLANG_WARN_DIRECT_OBJC_ISA_USAGE = YES_ERROR;
				CLANG_WARN_DOCUMENTATION_COMMENTS = YES;
				CLANG_WARN_EMPTY_BODY = YES;
				CLANG_WARN_ENUM_CONVERSION = YES;
				CLANG_WARN_INFINITE_RECURSION = YES;
				CLANG_WARN_INT_CONVERSION = YES;
				CLANG_WARN_NON_LITERAL_NULL_CONVERSION = YES;
				CLANG_WARN_OBJC_IMPLICIT_RETAIN_SELF = YES;
				CLANG_WARN_OBJC_LITERAL_CONVERSION = YES;
				CLANG_WARN_OBJC_ROOT_CLASS = YES_ERROR;
				CLANG_WARN_QUOTED_INCLUDE_IN_FRAMEWORK_HEADER = YES;
				CLANG_WARN_RANGE_LOOP_ANALYSIS = YES;
				CLANG_WARN_STRICT_PROTOTYPES = YES;
				CLANG_WARN_SUSPICIOUS_MOVE = YES;
				CLANG_WARN_UNGUARDED_AVAILABILITY = YES_AGGRESSIVE;
				CLANG_WARN_UNREACHABLE_CODE = YES;
				CLANG_WARN__DUPLICATE_METHOD_MATCH = YES;
				COPY_PHASE_STRIP = NO;
				DEBUG_INFORMATION_FORMAT = "dwarf-with-dsym";
				ENABLE_NS_ASSERTIONS = NO;
				ENABLE_STRICT_OBJC_MSGSEND = YES;
				GCC_C_LANGUAGE_STANDARD = gnu11;
				GCC_NO_COMMON_BLOCKS = YES;
				GCC_WARN_64_TO_32_BIT_CONVERSION = YES;
				GCC_WARN_ABOUT_RETURN_TYPE = YES_ERROR;
				GCC_WARN_UNDECLARED_SELECTOR = YES;
				GCC_WARN_UNINITIALIZED_AUTOS = YES_AGGRESSIVE;
				GCC_WARN_UNUSED_FUNCTION = YES;
				GCC_WARN_UNUSED_VARIABLE = YES;
				IPHONEOS_DEPLOYMENT_TARGET = 14.3;
				MTL_ENABLE_DEBUG_INFO = NO;
				MTL_FAST_MATH = YES;
				SDKROOT = iphoneos;
				SWIFT_COMPILATION_MODE = wholemodule;
				SWIFT_OPTIMIZATION_LEVEL = "-O";
				VALIDATE_PRODUCT = YES;
			};
			name = Release;
		};
		CB14808725A92A1B00D715D9 /* Debug */ = {
			isa = XCBuildConfiguration;
			buildSettings = {
				ASSETCATALOG_COMPILER_APPICON_NAME = AppIcon;
				ASSETCATALOG_COMPILER_GLOBAL_ACCENT_COLOR_NAME = AccentColor;
				CODE_SIGN_STYLE = Automatic;
				DEVELOPMENT_TEAM = 38HU5YV2J5;
				INFOPLIST_FILE = "(SPC) Networking/Info.plist";
				LD_RUNPATH_SEARCH_PATHS = (
					"$(inherited)",
					"@executable_path/Frameworks",
				);
				PRODUCT_BUNDLE_IDENTIFIER = "com.buildmycrm.-SPC--Networking";
				PRODUCT_NAME = "$(TARGET_NAME)";
				SWIFT_VERSION = 5.0;
				TARGETED_DEVICE_FAMILY = "1,2";
			};
			name = Debug;
		};
		CB14808825A92A1B00D715D9 /* Release */ = {
			isa = XCBuildConfiguration;
			buildSettings = {
				ASSETCATALOG_COMPILER_APPICON_NAME = AppIcon;
				ASSETCATALOG_COMPILER_GLOBAL_ACCENT_COLOR_NAME = AccentColor;
				CODE_SIGN_STYLE = Automatic;
				DEVELOPMENT_TEAM = 38HU5YV2J5;
				INFOPLIST_FILE = "(SPC) Networking/Info.plist";
				LD_RUNPATH_SEARCH_PATHS = (
					"$(inherited)",
					"@executable_path/Frameworks",
				);
				PRODUCT_BUNDLE_IDENTIFIER = "com.buildmycrm.-SPC--Networking";
				PRODUCT_NAME = "$(TARGET_NAME)";
				SWIFT_VERSION = 5.0;
				TARGETED_DEVICE_FAMILY = "1,2";
			};
			name = Release;
		};
/* End XCBuildConfiguration section */

/* Begin XCConfigurationList section */
		CB14806D25A92A1A00D715D9 /* Build configuration list for PBXProject "(SPC) Networking" */ = {
			isa = XCConfigurationList;
			buildConfigurations = (
				CB14808425A92A1B00D715D9 /* Debug */,
				CB14808525A92A1B00D715D9 /* Release */,
			);
			defaultConfigurationIsVisible = 0;
			defaultConfigurationName = Release;
		};
		CB14808625A92A1B00D715D9 /* Build configuration list for PBXNativeTarget "(SPC) Networking" */ = {
			isa = XCConfigurationList;
			buildConfigurations = (
				CB14808725A92A1B00D715D9 /* Debug */,
				CB14808825A92A1B00D715D9 /* Release */,
			);
			defaultConfigurationIsVisible = 0;
			defaultConfigurationName = Release;
		};
/* End XCConfigurationList section */
	};
	rootObject = CB14806A25A92A1A00D715D9 /* Project object */;
}
